{
  "version": 4,
  "terraform_version": "1.5.7",
  "serial": 13,
  "lineage": "1ea44506-010f-6683-bd1e-7ebaf2ae09b6",
  "outputs": {
    "aurora_db_endpoint": {
      "value": "aurora-postgres-cluster.cluster-ct2i4esmu82t.eu-central-1.rds.amazonaws.com",
      "type": "string"
    },
    "db_connection_string": {
      "value": "postgresql://root@aurora-postgres-cluster.cluster-ct2i4esmu82t.eu-central-1.rds.amazonaws.com:5432/",
      "type": "string"
    },
    "db_password": {
      "value": "Cv=kfa*OQ(?[4K}F",
      "type": "string",
      "sensitive": true
    },
    "db_port": {
      "value": 5432,
      "type": "number"
    }
  },
  "resources": [
    {
      "mode": "managed",
      "type": "aws_db_subnet_group",
      "name": "aurora_subnet_group",
      "provider": "provider[\"registry.terraform.io/hashicorp/aws\"]",
      "instances": [
        {
          "schema_version": 0,
          "attributes": {
            "arn": "arn:aws:rds:eu-central-1:450221254428:subgrp:aurora-postgres-subnet-group",
            "description": "Managed by Terraform",
            "id": "aurora-postgres-subnet-group",
            "name": "aurora-postgres-subnet-group",
            "name_prefix": "",
            "subnet_ids": [
              "subnet-03a49bcbd4b153e72",
              "subnet-0f35c4525005a0014"
            ],
            "supported_network_types": [
              "IPV4"
            ],
            "tags": {
              "Name": "Aurora-Postgres-Subnet-Group"
            },
            "tags_all": {
              "Name": "Aurora-Postgres-Subnet-Group"
            },
            "vpc_id": "vpc-0961580d19a1a62ac"
          },
          "sensitive_attributes": [],
          "private": "bnVsbA=="
        }
      ]
    },
    {
      "mode": "managed",
      "type": "aws_rds_cluster",
      "name": "aurora_postgres",
      "provider": "provider[\"registry.terraform.io/hashicorp/aws\"]",
      "instances": [
        {
          "schema_version": 1,
          "attributes": {
            "allocated_storage": 1,
            "allow_major_version_upgrade": null,
            "apply_immediately": null,
            "arn": "arn:aws:rds:eu-central-1:450221254428:cluster:aurora-postgres-cluster",
            "availability_zones": [
              "eu-central-1a",
              "eu-central-1b",
              "eu-central-1c"
            ],
            "backtrack_window": 0,
            "backup_retention_period": 5,
            "ca_certificate_identifier": null,
            "ca_certificate_valid_till": null,
            "cluster_identifier": "aurora-postgres-cluster",
            "cluster_identifier_prefix": "",
            "cluster_members": [],
            "cluster_resource_id": "cluster-CGQAXGJZXNEVQNCAPYJFUZCO3M",
            "cluster_scalability_type": "",
            "copy_tags_to_snapshot": false,
            "database_insights_mode": "standard",
            "database_name": null,
            "db_cluster_instance_class": "",
            "db_cluster_parameter_group_name": "default.aurora-postgresql14",
            "db_instance_parameter_group_name": null,
            "db_subnet_group_name": "aurora-postgres-subnet-group",
            "db_system_id": "",
            "delete_automated_backups": true,
            "deletion_protection": false,
            "domain": "",
            "domain_iam_role_name": "",
            "enable_global_write_forwarding": false,
            "enable_http_endpoint": false,
            "enable_local_write_forwarding": false,
            "enabled_cloudwatch_logs_exports": [],
            "endpoint": "aurora-postgres-cluster.cluster-ct2i4esmu82t.eu-central-1.rds.amazonaws.com",
            "engine": "aurora-postgresql",
            "engine_lifecycle_support": "open-source-rds-extended-support",
            "engine_mode": "provisioned",
            "engine_version": "14.17",
            "engine_version_actual": "14.17",
            "final_snapshot_identifier": null,
            "global_cluster_identifier": "",
            "hosted_zone_id": "Z1RLNUO7B9Q6NB",
            "iam_database_authentication_enabled": false,
            "iam_roles": [],
            "id": "aurora-postgres-cluster",
            "iops": 0,
            "kms_key_id": "",
            "manage_master_user_password": null,
            "master_password": "Cv=kfa*OQ(?[4K}F",
            "master_password_wo": null,
            "master_password_wo_version": null,
            "master_user_secret": [],
            "master_user_secret_kms_key_id": null,
            "master_username": "root",
            "monitoring_interval": 0,
            "monitoring_role_arn": "",
            "network_type": "IPV4",
            "performance_insights_enabled": false,
            "performance_insights_kms_key_id": "",
            "performance_insights_retention_period": 0,
            "port": 5432,
            "preferred_backup_window": "07:00-09:00",
            "preferred_maintenance_window": "sat:02:44-sat:03:14",
            "reader_endpoint": "aurora-postgres-cluster.cluster-ro-ct2i4esmu82t.eu-central-1.rds.amazonaws.com",
            "replication_source_identifier": "",
            "restore_to_point_in_time": [],
            "s3_import": [],
            "scaling_configuration": [],
            "serverlessv2_scaling_configuration": [],
            "skip_final_snapshot": true,
            "snapshot_identifier": null,
            "source_region": null,
            "storage_encrypted": false,
            "storage_type": "",
            "tags": {},
            "tags_all": {},
            "timeouts": null,
            "vpc_security_group_ids": [
              "sg-0bc0f89db109a34ab"
            ]
          },
          "sensitive_attributes": [
            [
              {
                "type": "get_attr",
                "value": "master_password"
              }
            ]
          ],
          "private": "eyJlMmJmYjczMC1lY2FhLTExZTYtOGY4OC0zNDM2M2JjN2M0YzAiOnsiY3JlYXRlIjo3MjAwMDAwMDAwMDAwLCJkZWxldGUiOjcyMDAwMDAwMDAwMDAsInVwZGF0ZSI6NzIwMDAwMDAwMDAwMH0sInNjaGVtYV92ZXJzaW9uIjoiMSJ9",
          "dependencies": [
            "aws_db_subnet_group.aurora_subnet_group",
            "aws_security_group.aurora_sg",
            "random_password.db_password"
          ]
        }
      ]
    },
    {
      "mode": "managed",
      "type": "aws_rds_cluster_instance",
      "name": "aurora_postgres_instance",
      "provider": "provider[\"registry.terraform.io/hashicorp/aws\"]",
      "instances": [
        {
          "schema_version": 0,
          "attributes": {
            "apply_immediately": null,
            "arn": "arn:aws:rds:eu-central-1:450221254428:db:aurora-postgres-instance",
            "auto_minor_version_upgrade": true,
            "availability_zone": "eu-central-1b",
            "ca_cert_identifier": "rds-ca-rsa2048-g1",
            "cluster_identifier": "aurora-postgres-cluster",
            "copy_tags_to_snapshot": false,
            "custom_iam_instance_profile": "",
            "db_parameter_group_name": "default.aurora-postgresql14",
            "db_subnet_group_name": "aurora-postgres-subnet-group",
            "dbi_resource_id": "db-74QMTOL7BRCOR7GFVAVDZCECR4",
            "endpoint": "aurora-postgres-instance.ct2i4esmu82t.eu-central-1.rds.amazonaws.com",
            "engine": "aurora-postgresql",
            "engine_version": "14.17",
            "engine_version_actual": "14.17",
            "force_destroy": false,
            "id": "aurora-postgres-instance",
            "identifier": "aurora-postgres-instance",
            "identifier_prefix": "",
            "instance_class": "db.t3.medium",
            "kms_key_id": "",
            "monitoring_interval": 0,
            "monitoring_role_arn": "",
            "network_type": "IPV4",
            "performance_insights_enabled": false,
            "performance_insights_kms_key_id": "",
            "performance_insights_retention_period": 0,
            "port": 5432,
            "preferred_backup_window": "07:00-09:00",
            "preferred_maintenance_window": "wed:03:09-wed:03:39",
            "promotion_tier": 0,
            "publicly_accessible": false,
            "storage_encrypted": false,
            "tags": null,
            "tags_all": {},
            "timeouts": null,
            "writer": true
          },
          "sensitive_attributes": [],
          "private": "eyJlMmJmYjczMC1lY2FhLTExZTYtOGY4OC0zNDM2M2JjN2M0YzAiOnsiY3JlYXRlIjo1NDAwMDAwMDAwMDAwLCJkZWxldGUiOjU0MDAwMDAwMDAwMDAsInVwZGF0ZSI6NTQwMDAwMDAwMDAwMH19",
          "dependencies": [
            "aws_rds_cluster.aurora_postgres"
          ]
        }
      ]
    },
    {
      "mode": "managed",
      "type": "aws_security_group",
      "name": "aurora_sg",
      "provider": "provider[\"registry.terraform.io/hashicorp/aws\"]",
      "instances": [
        {
          "schema_version": 1,
          "attributes": {
            "arn": "arn:aws:ec2:eu-central-1:450221254428:security-group/sg-0bc0f89db109a34ab",
            "description": "Allow inbound traffic for Aurora DB",
            "egress": [
              {
                "cidr_blocks": [
                  "0.0.0.0/0"
                ],
                "description": "",
                "from_port": 0,
                "ipv6_cidr_blocks": [],
                "prefix_list_ids": [],
                "protocol": "-1",
                "security_groups": [],
                "self": false,
                "to_port": 0
              }
            ],
            "id": "sg-0bc0f89db109a34ab",
            "ingress": [
              {
                "cidr_blocks": [
                  "0.0.0.0/0"
                ],
                "description": "",
                "from_port": 5432,
                "ipv6_cidr_blocks": [],
                "prefix_list_ids": [],
                "protocol": "tcp",
                "security_groups": [],
                "self": false,
                "to_port": 5432
              }
            ],
            "name": "aurora-db-sg",
            "name_prefix": "",
            "owner_id": "450221254428",
            "revoke_rules_on_delete": false,
            "tags": {},
            "tags_all": {},
            "timeouts": null,
            "vpc_id": "vpc-0961580d19a1a62ac"
          },
          "sensitive_attributes": [],
          "private": "eyJlMmJmYjczMC1lY2FhLTExZTYtOGY4OC0zNDM2M2JjN2M0YzAiOnsiY3JlYXRlIjo2MDAwMDAwMDAwMDAsImRlbGV0ZSI6OTAwMDAwMDAwMDAwfSwic2NoZW1hX3ZlcnNpb24iOiIxIn0="
        }
      ]
    },
    {
      "mode": "managed",
      "type": "local_file",
      "name": "db_credentials",
      "provider": "provider[\"registry.terraform.io/hashicorp/local\"]",
      "instances": [
        {
          "schema_version": 0,
          "attributes": {
            "content": "Host       = aurora-postgres-cluster.cluster-ct2i4esmu82t.eu-central-1.rds.amazonaws.com\nPort       = 5432\nDatabase   = postgres\nUsername   = root\nPassword   = Cv=kfa*OQ(?[4K}F\n    \nConnection string: postgresql://root:Cv=kfa*OQ(?[4K}F@aurora-postgres-cluster.cluster-ct2i4esmu82t.eu-central-1.rds.amazonaws.com:5432/postgres\n",
            "content_base64": null,
            "content_base64sha256": "JIUAdloXP7qR8wBRUtzjce2KAOQs63j/8SmJ0gbup+I=",
            "content_base64sha512": "pwRiErWUuyjGxUjTSD3HGnnMZbfU9JIML/s/LkQ7MIaklzdHi1omdUtkGtgiTBrGwLjzATfWJKtTRupCZ3+1+w==",
            "content_md5": "50255ab4c8e548404e5eabd571cfa26f",
            "content_sha1": "e6552397ccd3877072cdfd9383dc481d1b9e7381",
            "content_sha256": "248500765a173fba91f3005152dce371ed8a00e42ceb78fff12989d206eea7e2",
            "content_sha512": "a7046212b594bb28c6c548d3483dc71a79cc65b7d4f4920c2ffb3f2e443b3086a49737478b5a26754b641ad8224c1ac6c0b8f30137d624ab5346ea42677fb5fb",
            "directory_permission": "0777",
            "file_permission": "0600",
            "filename": "./db_credentials.txt",
            "id": "e6552397ccd3877072cdfd9383dc481d1b9e7381",
            "sensitive_content": null,
            "source": null
          },
          "sensitive_attributes": [
            [
              {
                "type": "get_attr",
                "value": "content"
              }
            ]
          ],
          "dependencies": [
            "aws_db_subnet_group.aurora_subnet_group",
            "aws_rds_cluster.aurora_postgres",
            "aws_security_group.aurora_sg",
            "random_password.db_password"
          ]
        }
      ]
    },
    {
      "mode": "managed",
      "type": "random_password",
      "name": "db_password",
      "provider": "provider[\"registry.terraform.io/hashicorp/random\"]",
      "instances": [
        {
          "schema_version": 3,
          "attributes": {
            "bcrypt_hash": "$2a$10$FszuLqX4gC6CjmD4soLiaOMVxG2MBK3960aLr.95i5iPcR1fjCXYi",
            "id": "none",
            "keepers": null,
            "length": 16,
            "lower": true,
            "min_lower": 1,
            "min_numeric": 1,
            "min_special": 1,
            "min_upper": 1,
            "number": true,
            "numeric": true,
            "override_special": "!#$%\u0026*()-_=+[]{}\u003c\u003e:?",
            "result": "Cv=kfa*OQ(?[4K}F",
            "special": true,
            "upper": true
          },
          "sensitive_attributes": []
        }
      ]
    }
  ],
  "check_results": null
}
